
Microsoft Visual Studio Solution File, Format Version 12.00
# Visual Studio Version 17
VisualStudioVersion = 17.3.32929.385
MinimumVisualStudioVersion = 10.0.40219.1
Project("{FAE04EC0-301F-11D3-BF4B-00C04F79EFBC}") = "DesignPatterns", "DesignPatterns.csproj", "{DB2BFA39-BAB4-4620-AA63-FD0CFF8BF0BC}"
EndProject
Global
	GlobalSection(SolutionConfigurationPlatforms) = preSolution
		Debug|Any CPU = Debug|Any CPU
		Release|Any CPU = Release|Any CPU
	EndGlobalSection
	GlobalSection(ProjectConfigurationPlatforms) = postSolution
		{DB2BFA39-BAB4-4620-AA63-FD0CFF8BF0BC}.Debug|Any CPU.ActiveCfg = Debug|Any CPU
		{DB2BFA39-BAB4-4620-AA63-FD0CFF8BF0BC}.Debug|Any CPU.Build.0 = Debug|Any CPU
		{DB2BFA39-BAB4-4620-AA63-FD0CFF8BF0BC}.Release|Any CPU.ActiveCfg = Release|Any CPU
		{DB2BFA39-BAB4-4620-AA63-FD0CFF8BF0BC}.Release|Any CPU.Build.0 = Release|Any CPU
	EndGlobalSection
	GlobalSection(SolutionProperties) = preSolution
		HideSolutionNode = FALSE
	EndGlobalSection
	GlobalSection(ExtensibilityGlobals) = postSolution
		SolutionGuid = {83915B4A-F6A7-45F9-9D8F-42495EE5B037}
	EndGlobalSection
EndGlobal
